
Microsoft Visual Studio Solution File, Format Version 12.00
# Visual Studio Version 16
VisualStudioVersion = 16.0.29926.136
MinimumVisualStudioVersion = 10.0.40219.1
Project("{9A19103F-16F7-4668-BE54-9A1E7A4F7556}") = "Task4", "Task4.csproj", "{56369BA0-DEE9-4860-884B-EB52DB6AB3DE}"
EndProject
Global
	GlobalSection(SolutionConfigurationPlatforms) = preSolution
		Debug|Any CPU = Debug|Any CPU
		Release|Any CPU = Release|Any CPU
	EndGlobalSection
	GlobalSection(ProjectConfigurationPlatforms) = postSolution
		{56369BA0-DEE9-4860-884B-EB52DB6AB3DE}.Debug|Any CPU.ActiveCfg = Debug|Any CPU
		{56369BA0-DEE9-4860-884B-EB52DB6AB3DE}.Debug|Any CPU.Build.0 = Debug|Any CPU
		{56369BA0-DEE9-4860-884B-EB52DB6AB3DE}.Release|Any CPU.ActiveCfg = Release|Any CPU
		{56369BA0-DEE9-4860-884B-EB52DB6AB3DE}.Release|Any CPU.Build.0 = Release|Any CPU
	EndGlobalSection
	GlobalSection(SolutionProperties) = preSolution
		HideSolutionNode = FALSE
	EndGlobalSection
	GlobalSection(ExtensibilityGlobals) = postSolution
		SolutionGuid = {53090785-98FE-4532-A3BF-3C65223037EE}
	EndGlobalSection
EndGlobal
